
Microsoft Visual Studio Solution File, Format Version 12.00
# Visual Studio Version 16
VisualStudioVersion = 16.0.31129.286
MinimumVisualStudioVersion = 10.0.40219.1
Project("{FAE04EC0-301F-11D3-BF4B-00C04F79EFBC}") = "Zedcrest.DocumentManager", "Zedcrest.DocumentManager.csproj", "{898C3A3F-2CD4-4B79-A10A-A4C91D1AFC2C}"
EndProject
Global
	GlobalSection(SolutionConfigurationPlatforms) = preSolution
		Debug|Any CPU = Debug|Any CPU
		Release|Any CPU = Release|Any CPU
	EndGlobalSection
	GlobalSection(ProjectConfigurationPlatforms) = postSolution
		{898C3A3F-2CD4-4B79-A10A-A4C91D1AFC2C}.Debug|Any CPU.ActiveCfg = Debug|Any CPU
		{898C3A3F-2CD4-4B79-A10A-A4C91D1AFC2C}.Debug|Any CPU.Build.0 = Debug|Any CPU
		{898C3A3F-2CD4-4B79-A10A-A4C91D1AFC2C}.Release|Any CPU.ActiveCfg = Release|Any CPU
		{898C3A3F-2CD4-4B79-A10A-A4C91D1AFC2C}.Release|Any CPU.Build.0 = Release|Any CPU
	EndGlobalSection
	GlobalSection(SolutionProperties) = preSolution
		HideSolutionNode = FALSE
	EndGlobalSection
	GlobalSection(ExtensibilityGlobals) = postSolution
		SolutionGuid = {8E341118-C7AD-4237-A896-4FD5194DF696}
	EndGlobalSection
EndGlobal
