
Microsoft Visual Studio Solution File, Format Version 12.00
# Visual Studio Version 16
VisualStudioVersion = 16.0.31129.286
MinimumVisualStudioVersion = 10.0.40219.1
Project("{9A19103F-16F7-4668-BE54-9A1E7A4F7556}") = "Zedcrest.DocumentManager", "Zedcrest.DocumentManager.csproj", "{898C3A3F-2CD4-4B79-A10A-A4C91D1AFC2C}"
EndProject
Project("{2150E333-8FDC-42A3-9474-1A3956D46DE8}") = "Tests", "Tests", "{07D2A8F9-EFD5-4749-AFD6-617F3BC45D59}"
EndProject
Project("{9A19103F-16F7-4668-BE54-9A1E7A4F7556}") = "Zedcrest.DocumentManager.UnitTests", "Zedcrest.DocumentManager.UnitTests\Zedcrest.DocumentManager.UnitTests.csproj", "{077378BE-5E08-4646-B2C0-B4A6E5FF493B}"
EndProject
Global
	GlobalSection(SolutionConfigurationPlatforms) = preSolution
		Debug|Any CPU = Debug|Any CPU
		Release|Any CPU = Release|Any CPU
	EndGlobalSection
	GlobalSection(ProjectConfigurationPlatforms) = postSolution
		{898C3A3F-2CD4-4B79-A10A-A4C91D1AFC2C}.Debug|Any CPU.ActiveCfg = Debug|Any CPU
		{898C3A3F-2CD4-4B79-A10A-A4C91D1AFC2C}.Debug|Any CPU.Build.0 = Debug|Any CPU
		{898C3A3F-2CD4-4B79-A10A-A4C91D1AFC2C}.Release|Any CPU.ActiveCfg = Release|Any CPU
		{898C3A3F-2CD4-4B79-A10A-A4C91D1AFC2C}.Release|Any CPU.Build.0 = Release|Any CPU
		{077378BE-5E08-4646-B2C0-B4A6E5FF493B}.Debug|Any CPU.ActiveCfg = Debug|Any CPU
		{077378BE-5E08-4646-B2C0-B4A6E5FF493B}.Debug|Any CPU.Build.0 = Debug|Any CPU
		{077378BE-5E08-4646-B2C0-B4A6E5FF493B}.Release|Any CPU.ActiveCfg = Release|Any CPU
		{077378BE-5E08-4646-B2C0-B4A6E5FF493B}.Release|Any CPU.Build.0 = Release|Any CPU
	EndGlobalSection
	GlobalSection(SolutionProperties) = preSolution
		HideSolutionNode = FALSE
	EndGlobalSection
	GlobalSection(NestedProjects) = preSolution
		{077378BE-5E08-4646-B2C0-B4A6E5FF493B} = {07D2A8F9-EFD5-4749-AFD6-617F3BC45D59}
	EndGlobalSection
	GlobalSection(ExtensibilityGlobals) = postSolution
		SolutionGuid = {8E341118-C7AD-4237-A896-4FD5194DF696}
	EndGlobalSection
EndGlobal
